// !$*UTF8*$!
{
	archiveVersion = 1;
	classes = {
	};
	objectVersion = 50;
	objects = {

/* Begin PBXBuildFile section */
		39B104D525EBC00C003AB4E7 /* main.cpp in Sources */ = {isa = PBXBuildFile; fileRef = 39B104D425EBC00C003AB4E7 /* main.cpp */; };
		39B104E725EBC075003AB4E7 /* Response.cpp in Sources */ = {isa = PBXBuildFile; fileRef = 39B104DC25EBC075003AB4E7 /* Response.cpp */; };
		39B104E825EBC075003AB4E7 /* socket.cpp in Sources */ = {isa = PBXBuildFile; fileRef = 39B104DD25EBC075003AB4E7 /* socket.cpp */; };
		39B104E925EBC075003AB4E7 /* Request.cpp in Sources */ = {isa = PBXBuildFile; fileRef = 39B104DE25EBC075003AB4E7 /* Request.cpp */; };
		39B104EA25EBC075003AB4E7 /* main.cpp in Sources */ = {isa = PBXBuildFile; fileRef = 39B104E125EBC075003AB4E7 /* main.cpp */; };
		39B104EB25EBC075003AB4E7 /* Cache.cpp in Sources */ = {isa = PBXBuildFile; fileRef = 39B104E325EBC075003AB4E7 /* Cache.cpp */; };
/* End PBXBuildFile section */

/* Begin PBXCopyFilesBuildPhase section */
		39B104CF25EBC00C003AB4E7 /* CopyFiles */ = {
			isa = PBXCopyFilesBuildPhase;
			buildActionMask = 2147483647;
			dstPath = /usr/share/man/man1/;
			dstSubfolderSpec = 0;
			files = (
			);
			runOnlyForDeploymentPostprocessing = 1;
		};
/* End PBXCopyFilesBuildPhase section */

/* Begin PBXFileReference section */
		39B104D125EBC00C003AB4E7 /* http_caching_proxy */ = {isa = PBXFileReference; explicitFileType = "compiled.mach-o.executable"; includeInIndex = 0; path = http_caching_proxy; sourceTree = BUILT_PRODUCTS_DIR; };
		39B104D425EBC00C003AB4E7 /* main.cpp */ = {isa = PBXFileReference; lastKnownFileType = sourcecode.cpp.cpp; path = main.cpp; sourceTree = "<group>"; };
		39B104DC25EBC075003AB4E7 /* Response.cpp */ = {isa = PBXFileReference; fileEncoding = 4; lastKnownFileType = sourcecode.cpp.cpp; path = Response.cpp; sourceTree = "<group>"; };
		39B104DD25EBC075003AB4E7 /* socket.cpp */ = {isa = PBXFileReference; fileEncoding = 4; lastKnownFileType = sourcecode.cpp.cpp; path = socket.cpp; sourceTree = "<group>"; };
		39B104DE25EBC075003AB4E7 /* Request.cpp */ = {isa = PBXFileReference; fileEncoding = 4; lastKnownFileType = sourcecode.cpp.cpp; path = Request.cpp; sourceTree = "<group>"; };
		39B104DF25EBC075003AB4E7 /* socket.h */ = {isa = PBXFileReference; fileEncoding = 4; lastKnownFileType = sourcecode.c.h; path = socket.h; sourceTree = "<group>"; };
		39B104E025EBC075003AB4E7 /* Cache.h */ = {isa = PBXFileReference; fileEncoding = 4; lastKnownFileType = sourcecode.c.h; path = Cache.h; sourceTree = "<group>"; };
		39B104E125EBC075003AB4E7 /* main.cpp */ = {isa = PBXFileReference; fileEncoding = 4; lastKnownFileType = sourcecode.cpp.cpp; path = main.cpp; sourceTree = "<group>"; };
		39B104E225EBC075003AB4E7 /* Response.h */ = {isa = PBXFileReference; fileEncoding = 4; lastKnownFileType = sourcecode.c.h; path = Response.h; sourceTree = "<group>"; };
		39B104E325EBC075003AB4E7 /* Cache.cpp */ = {isa = PBXFileReference; fileEncoding = 4; lastKnownFileType = sourcecode.cpp.cpp; path = Cache.cpp; sourceTree = "<group>"; };
		39B104E425EBC075003AB4E7 /* Http.h */ = {isa = PBXFileReference; fileEncoding = 4; lastKnownFileType = sourcecode.c.h; path = Http.h; sourceTree = "<group>"; };
		39B104E525EBC075003AB4E7 /* myException.h */ = {isa = PBXFileReference; fileEncoding = 4; lastKnownFileType = sourcecode.c.h; path = myException.h; sourceTree = "<group>"; };
		39B104E625EBC075003AB4E7 /* Request.h */ = {isa = PBXFileReference; fileEncoding = 4; lastKnownFileType = sourcecode.c.h; path = Request.h; sourceTree = "<group>"; };
/* End PBXFileReference section */

/* Begin PBXFrameworksBuildPhase section */
		39B104CE25EBC00C003AB4E7 /* Frameworks */ = {
			isa = PBXFrameworksBuildPhase;
			buildActionMask = 2147483647;
			files = (
			);
			runOnlyForDeploymentPostprocessing = 0;
		};
/* End PBXFrameworksBuildPhase section */

/* Begin PBXGroup section */
		39B104C825EBC00C003AB4E7 = {
			isa = PBXGroup;
			children = (
				39B104D325EBC00C003AB4E7 /* http_caching_proxy */,
				39B104D225EBC00C003AB4E7 /* Products */,
			);
			sourceTree = "<group>";
		};
		39B104D225EBC00C003AB4E7 /* Products */ = {
			isa = PBXGroup;
			children = (
				39B104D125EBC00C003AB4E7 /* http_caching_proxy */,
			);
			name = Products;
			sourceTree = "<group>";
		};
		39B104D325EBC00C003AB4E7 /* http_caching_proxy */ = {
			isa = PBXGroup;
			children = (
				39B104E325EBC075003AB4E7 /* Cache.cpp */,
				39B104E025EBC075003AB4E7 /* Cache.h */,
				39B104E425EBC075003AB4E7 /* Http.h */,
				39B104E125EBC075003AB4E7 /* main.cpp */,
				39B104E525EBC075003AB4E7 /* myException.h */,
				39B104DE25EBC075003AB4E7 /* Request.cpp */,
				39B104E625EBC075003AB4E7 /* Request.h */,
				39B104DC25EBC075003AB4E7 /* Response.cpp */,
				39B104E225EBC075003AB4E7 /* Response.h */,
				39B104DD25EBC075003AB4E7 /* socket.cpp */,
				39B104DF25EBC075003AB4E7 /* socket.h */,
				39B104D425EBC00C003AB4E7 /* main.cpp */,
			);
			path = http_caching_proxy;
			sourceTree = "<group>";
		};
/* End PBXGroup section */

/* Begin PBXNativeTarget section */
		39B104D025EBC00C003AB4E7 /* http_caching_proxy */ = {
			isa = PBXNativeTarget;
			buildConfigurationList = 39B104D825EBC00C003AB4E7 /* Build configuration list for PBXNativeTarget "http_caching_proxy" */;
			buildPhases = (
				39B104CD25EBC00C003AB4E7 /* Sources */,
				39B104CE25EBC00C003AB4E7 /* Frameworks */,
				39B104CF25EBC00C003AB4E7 /* CopyFiles */,
			);
			buildRules = (
			);
			dependencies = (
			);
			name = http_caching_proxy;
			productName = http_caching_proxy;
			productReference = 39B104D125EBC00C003AB4E7 /* http_caching_proxy */;
			productType = "com.apple.product-type.tool";
		};
/* End PBXNativeTarget section */

/* Begin PBXProject section */
		39B104C925EBC00C003AB4E7 /* Project object */ = {
			isa = PBXProject;
			attributes = {
				LastUpgradeCheck = 1240;
				TargetAttributes = {
					39B104D025EBC00C003AB4E7 = {
						CreatedOnToolsVersion = 12.4;
					};
				};
			};
			buildConfigurationList = 39B104CC25EBC00C003AB4E7 /* Build configuration list for PBXProject "http_caching_proxy" */;
			compatibilityVersion = "Xcode 9.3";
			developmentRegion = en;
			hasScannedForEncodings = 0;
			knownRegions = (
				en,
				Base,
			);
			mainGroup = 39B104C825EBC00C003AB4E7;
			productRefGroup = 39B104D225EBC00C003AB4E7 /* Products */;
			projectDirPath = "";
			projectRoot = "";
			targets = (
				39B104D025EBC00C003AB4E7 /* http_caching_proxy */,
			);
		};
/* End PBXProject section */

/* Begin PBXSourcesBuildPhase section */
		39B104CD25EBC00C003AB4E7 /* Sources */ = {
			isa = PBXSourcesBuildPhase;
			buildActionMask = 2147483647;
			files = (
				39B104E725EBC075003AB4E7 /* Response.cpp in Sources */,
				39B104E925EBC075003AB4E7 /* Request.cpp in Sources */,
				39B104EB25EBC075003AB4E7 /* Cache.cpp in Sources */,
				39B104E825EBC075003AB4E7 /* socket.cpp in Sources */,
				39B104EA25EBC075003AB4E7 /* main.cpp in Sources */,
				39B104D525EBC00C003AB4E7 /* main.cpp in Sources */,
			);
			runOnlyForDeploymentPostprocessing = 0;
		};
/* End PBXSourcesBuildPhase section */

/* Begin XCBuildConfiguration section */
		39B104D625EBC00C003AB4E7 /* Debug */ = {
			isa = XCBuildConfiguration;
			buildSettings = {
				ALWAYS_SEARCH_USER_PATHS = NO;
				CLANG_ANALYZER_NONNULL = YES;
				CLANG_ANALYZER_NUMBER_OBJECT_CONVERSION = YES_AGGRESSIVE;
				CLANG_CXX_LANGUAGE_STANDARD = "gnu++14";
				CLANG_CXX_LIBRARY = "libc++";
				CLANG_ENABLE_MODULES = YES;
				CLANG_ENABLE_OBJC_ARC = YES;
				CLANG_ENABLE_OBJC_WEAK = YES;
				CLANG_WARN_BLOCK_CAPTURE_AUTORELEASING = YES;
				CLANG_WARN_BOOL_CONVERSION = YES;
				CLANG_WARN_COMMA = YES;
				CLANG_WARN_CONSTANT_CONVERSION = YES;
				CLANG_WARN_DEPRECATED_OBJC_IMPLEMENTATIONS = YES;
				CLANG_WARN_DIRECT_OBJC_ISA_USAGE = YES_ERROR;
				CLANG_WARN_DOCUMENTATION_COMMENTS = YES;
				CLANG_WARN_EMPTY_BODY = YES;
				CLANG_WARN_ENUM_CONVERSION = YES;
				CLANG_WARN_INFINITE_RECURSION = YES;
				CLANG_WARN_INT_CONVERSION = YES;
				CLANG_WARN_NON_LITERAL_NULL_CONVERSION = YES;
				CLANG_WARN_OBJC_IMPLICIT_RETAIN_SELF = YES;
				CLANG_WARN_OBJC_LITERAL_CONVERSION = YES;
				CLANG_WARN_OBJC_ROOT_CLASS = YES_ERROR;
				CLANG_WARN_QUOTED_INCLUDE_IN_FRAMEWORK_HEADER = YES;
				CLANG_WARN_RANGE_LOOP_ANALYSIS = YES;
				CLANG_WARN_STRICT_PROTOTYPES = YES;
				CLANG_WARN_SUSPICIOUS_MOVE = YES;
				CLANG_WARN_UNGUARDED_AVAILABILITY = YES_AGGRESSIVE;
				CLANG_WARN_UNREACHABLE_CODE = YES;
				CLANG_WARN__DUPLICATE_METHOD_MATCH = YES;
				COPY_PHASE_STRIP = NO;
				DEBUG_INFORMATION_FORMAT = dwarf;
				ENABLE_STRICT_OBJC_MSGSEND = YES;
				ENABLE_TESTABILITY = YES;
				GCC_C_LANGUAGE_STANDARD = gnu11;
				GCC_DYNAMIC_NO_PIC = NO;
				GCC_NO_COMMON_BLOCKS = YES;
				GCC_OPTIMIZATION_LEVEL = 0;
				GCC_PREPROCESSOR_DEFINITIONS = (
					"DEBUG=1",
					"$(inherited)",
				);
				GCC_WARN_64_TO_32_BIT_CONVERSION = YES;
				GCC_WARN_ABOUT_RETURN_TYPE = YES_ERROR;
				GCC_WARN_UNDECLARED_SELECTOR = YES;
				GCC_WARN_UNINITIALIZED_AUTOS = YES_AGGRESSIVE;
				GCC_WARN_UNUSED_FUNCTION = YES;
				GCC_WARN_UNUSED_VARIABLE = YES;
				MACOSX_DEPLOYMENT_TARGET = 10.15;
				MTL_ENABLE_DEBUG_INFO = INCLUDE_SOURCE;
				MTL_FAST_MATH = YES;
				ONLY_ACTIVE_ARCH = YES;
				SDKROOT = macosx;
			};
			name = Debug;
		};
		39B104D725EBC00C003AB4E7 /* Release */ = {
			isa = XCBuildConfiguration;
			buildSettings = {
				ALWAYS_SEARCH_USER_PATHS = NO;
				CLANG_ANALYZER_NONNULL = YES;
				CLANG_ANALYZER_NUMBER_OBJECT_CONVERSION = YES_AGGRESSIVE;
				CLANG_CXX_LANGUAGE_STANDARD = "gnu++14";
				CLANG_CXX_LIBRARY = "libc++";
				CLANG_ENABLE_MODULES = YES;
				CLANG_ENABLE_OBJC_ARC = YES;
				CLANG_ENABLE_OBJC_WEAK = YES;
				CLANG_WARN_BLOCK_CAPTURE_AUTORELEASING = YES;
				CLANG_WARN_BOOL_CONVERSION = YES;
				CLANG_WARN_COMMA = YES;
				CLANG_WARN_CONSTANT_CONVERSION = YES;
				CLANG_WARN_DEPRECATED_OBJC_IMPLEMENTATIONS = YES;
				CLANG_WARN_DIRECT_OBJC_ISA_USAGE = YES_ERROR;
				CLANG_WARN_DOCUMENTATION_COMMENTS = YES;
				CLANG_WARN_EMPTY_BODY = YES;
				CLANG_WARN_ENUM_CONVERSION = YES;
				CLANG_WARN_INFINITE_RECURSION = YES;
				CLANG_WARN_INT_CONVERSION = YES;
				CLANG_WARN_NON_LITERAL_NULL_CONVERSION = YES;
				CLANG_WARN_OBJC_IMPLICIT_RETAIN_SELF = YES;
				CLANG_WARN_OBJC_LITERAL_CONVERSION = YES;
				CLANG_WARN_OBJC_ROOT_CLASS = YES_ERROR;
				CLANG_WARN_QUOTED_INCLUDE_IN_FRAMEWORK_HEADER = YES;
				CLANG_WARN_RANGE_LOOP_ANALYSIS = YES;
				CLANG_WARN_STRICT_PROTOTYPES = YES;
				CLANG_WARN_SUSPICIOUS_MOVE = YES;
				CLANG_WARN_UNGUARDED_AVAILABILITY = YES_AGGRESSIVE;
				CLANG_WARN_UNREACHABLE_CODE = YES;
				CLANG_WARN__DUPLICATE_METHOD_MATCH = YES;
				COPY_PHASE_STRIP = NO;
				DEBUG_INFORMATION_FORMAT = "dwarf-with-dsym";
				ENABLE_NS_ASSERTIONS = NO;
				ENABLE_STRICT_OBJC_MSGSEND = YES;
				GCC_C_LANGUAGE_STANDARD = gnu11;
				GCC_NO_COMMON_BLOCKS = YES;
				GCC_WARN_64_TO_32_BIT_CONVERSION = YES;
				GCC_WARN_ABOUT_RETURN_TYPE = YES_ERROR;
				GCC_WARN_UNDECLARED_SELECTOR = YES;
				GCC_WARN_UNINITIALIZED_AUTOS = YES_AGGRESSIVE;
				GCC_WARN_UNUSED_FUNCTION = YES;
				GCC_WARN_UNUSED_VARIABLE = YES;
				MACOSX_DEPLOYMENT_TARGET = 10.15;
				MTL_ENABLE_DEBUG_INFO = NO;
				MTL_FAST_MATH = YES;
				SDKROOT = macosx;
			};
			name = Release;
		};
		39B104D925EBC00C003AB4E7 /* Debug */ = {
			isa = XCBuildConfiguration;
			buildSettings = {
				CODE_SIGN_STYLE = Automatic;
				PRODUCT_NAME = "$(TARGET_NAME)";
			};
			name = Debug;
		};
		39B104DA25EBC00C003AB4E7 /* Release */ = {
			isa = XCBuildConfiguration;
			buildSettings = {
				CODE_SIGN_STYLE = Automatic;
				PRODUCT_NAME = "$(TARGET_NAME)";
			};
			name = Release;
		};
/* End XCBuildConfiguration section */

/* Begin XCConfigurationList section */
		39B104CC25EBC00C003AB4E7 /* Build configuration list for PBXProject "http_caching_proxy" */ = {
			isa = XCConfigurationList;
			buildConfigurations = (
				39B104D625EBC00C003AB4E7 /* Debug */,
				39B104D725EBC00C003AB4E7 /* Release */,
			);
			defaultConfigurationIsVisible = 0;
			defaultConfigurationName = Release;
		};
		39B104D825EBC00C003AB4E7 /* Build configuration list for PBXNativeTarget "http_caching_proxy" */ = {
			isa = XCConfigurationList;
			buildConfigurations = (
				39B104D925EBC00C003AB4E7 /* Debug */,
				39B104DA25EBC00C003AB4E7 /* Release */,
			);
			defaultConfigurationIsVisible = 0;
			defaultConfigurationName = Release;
		};
/* End XCConfigurationList section */
	};
	rootObject = 39B104C925EBC00C003AB4E7 /* Project object */;
}
